
Microsoft Visual Studio Solution File, Format Version 12.00
# Visual Studio Version 16
VisualStudioVersion = 16.0.31129.286
MinimumVisualStudioVersion = 10.0.40219.1
Project("{FAE04EC0-301F-11D3-BF4B-00C04F79EFBC}") = "getFile", "getFile.csproj", "{65CFA075-8273-491A-A93F-AA1E7C27D15E}"
EndProject
Global
	GlobalSection(SolutionConfigurationPlatforms) = preSolution
		Debug|Any CPU = Debug|Any CPU
		Release|Any CPU = Release|Any CPU
	EndGlobalSection
	GlobalSection(ProjectConfigurationPlatforms) = postSolution
		{65CFA075-8273-491A-A93F-AA1E7C27D15E}.Debug|Any CPU.ActiveCfg = Debug|Any CPU
		{65CFA075-8273-491A-A93F-AA1E7C27D15E}.Debug|Any CPU.Build.0 = Debug|Any CPU
		{65CFA075-8273-491A-A93F-AA1E7C27D15E}.Release|Any CPU.ActiveCfg = Release|Any CPU
		{65CFA075-8273-491A-A93F-AA1E7C27D15E}.Release|Any CPU.Build.0 = Release|Any CPU
	EndGlobalSection
	GlobalSection(SolutionProperties) = preSolution
		HideSolutionNode = FALSE
	EndGlobalSection
	GlobalSection(ExtensibilityGlobals) = postSolution
		SolutionGuid = {0948818A-2790-4897-8AB5-C57972E063D3}
	EndGlobalSection
EndGlobal
